<?xml version="1.0" encoding="UTF-8"?>
<Project ToolsVersion="14.0" xmlns="http://schemas.microsoft.com/developer/msbuild/2003">
  <ItemGroup>
    <CustomBuild Include="C:\Users\David\Documents\GP2\GP2CWProject\CMakeFiles\27fb224bbfdd77322c61de912521d805\generate.stamp.rule">
      <Filter>CMake Rules</Filter>
    </CustomBuild>
  </ItemGroup>
  <ItemGroup>
    <Filter Include="CMake Rules">
      <UniqueIdentifier>{C3A89E43-2AE9-3A73-94C6-7EF72931766A}</UniqueIdentifier>
    </Filter>
  </ItemGroup>
</Project>
